
Microsoft Visual Studio Solution File, Format Version 12.00
# Visual Studio Version 17
VisualStudioVersion = 17.14.36518.9 d17.14
MinimumVisualStudioVersion = 10.0.40219.1
Project("{FAE04EC0-301F-11D3-BF4B-00C04F79EFBC}") = "PulXirdalama", "PulXirdalama\PulXirdalama.csproj", "{65C16AB1-45C9-4E42-9EB1-A0C66733A3C0}"
EndProject
Global
	GlobalSection(SolutionConfigurationPlatforms) = preSolution
		Debug|Any CPU = Debug|Any CPU
		Release|Any CPU = Release|Any CPU
	EndGlobalSection
	GlobalSection(ProjectConfigurationPlatforms) = postSolution
		{65C16AB1-45C9-4E42-9EB1-A0C66733A3C0}.Debug|Any CPU.ActiveCfg = Debug|Any CPU
		{65C16AB1-45C9-4E42-9EB1-A0C66733A3C0}.Debug|Any CPU.Build.0 = Debug|Any CPU
		{65C16AB1-45C9-4E42-9EB1-A0C66733A3C0}.Release|Any CPU.ActiveCfg = Release|Any CPU
		{65C16AB1-45C9-4E42-9EB1-A0C66733A3C0}.Release|Any CPU.Build.0 = Release|Any CPU
	EndGlobalSection
	GlobalSection(SolutionProperties) = preSolution
		HideSolutionNode = FALSE
	EndGlobalSection
	GlobalSection(ExtensibilityGlobals) = postSolution
		SolutionGuid = {F36B6B17-F993-4D22-8ECC-936617E4CB2F}
	EndGlobalSection
EndGlobal
